
Microsoft Visual Studio Solution File, Format Version 12.00
# Visual Studio 14
VisualStudioVersion = 14.0.25420.1
MinimumVisualStudioVersion = 10.0.40219.1
Project("{FAE04EC0-301F-11D3-BF4B-00C04F79EFBC}") = "HelloWebMVC", "HelloWebMVC\HelloWebMVC.csproj", "{02C8F5C2-90EF-485C-AF93-11F6B7B5779C}"
EndProject
Project("{2150E333-8FDC-42A3-9474-1A3956D46DE8}") = "UI", "UI", "{2C7A91C5-242B-4F10-B1E7-4851A1CA0322}"
EndProject
Project("{2150E333-8FDC-42A3-9474-1A3956D46DE8}") = "Common", "Common", "{AA78B8B9-64C9-4E25-8BEB-B92B5E0CC4AF}"
EndProject
Project("{2150E333-8FDC-42A3-9474-1A3956D46DE8}") = "DAL", "DAL", "{E09E5881-4B5B-4BF9-9A58-5E7B988EC0E1}"
EndProject
Project("{2150E333-8FDC-42A3-9474-1A3956D46DE8}") = "Model", "Model", "{44FA326A-DC21-4028-96CB-4BACF6CDACCD}"
EndProject
Project("{2150E333-8FDC-42A3-9474-1A3956D46DE8}") = "Buiness", "Buiness", "{E46EB5D6-F815-4552-9990-BEB34F8BC895}"
EndProject
Project("{FAE04EC0-301F-11D3-BF4B-00C04F79EFBC}") = "Hello.DAL", "Hello.DAL\Hello.DAL.csproj", "{C0EC575D-2363-4BE0-BC95-D82931127422}"
EndProject
Project("{FAE04EC0-301F-11D3-BF4B-00C04F79EFBC}") = "Hello.IDAL", "Hello.IDAL\Hello.IDAL.csproj", "{A078DBC3-9DD4-4B72-BD9F-B4BFBF1CCD71}"
EndProject
Project("{FAE04EC0-301F-11D3-BF4B-00C04F79EFBC}") = "Component", "Component\Component.csproj", "{7F444055-C3C3-487F-9B27-5E772F52A71C}"
EndProject
Project("{FAE04EC0-301F-11D3-BF4B-00C04F79EFBC}") = "Hello.Model", "Hello.Model\Hello.Model.csproj", "{21C7803F-4AD1-4F10-B706-0E00CBD4C212}"
EndProject
Global
	GlobalSection(SolutionConfigurationPlatforms) = preSolution
		Debug|Any CPU = Debug|Any CPU
		Release|Any CPU = Release|Any CPU
	EndGlobalSection
	GlobalSection(ProjectConfigurationPlatforms) = postSolution
		{02C8F5C2-90EF-485C-AF93-11F6B7B5779C}.Debug|Any CPU.ActiveCfg = Debug|Any CPU
		{02C8F5C2-90EF-485C-AF93-11F6B7B5779C}.Debug|Any CPU.Build.0 = Debug|Any CPU
		{02C8F5C2-90EF-485C-AF93-11F6B7B5779C}.Release|Any CPU.ActiveCfg = Release|Any CPU
		{02C8F5C2-90EF-485C-AF93-11F6B7B5779C}.Release|Any CPU.Build.0 = Release|Any CPU
		{C0EC575D-2363-4BE0-BC95-D82931127422}.Debug|Any CPU.ActiveCfg = Debug|Any CPU
		{C0EC575D-2363-4BE0-BC95-D82931127422}.Debug|Any CPU.Build.0 = Debug|Any CPU
		{C0EC575D-2363-4BE0-BC95-D82931127422}.Release|Any CPU.ActiveCfg = Release|Any CPU
		{C0EC575D-2363-4BE0-BC95-D82931127422}.Release|Any CPU.Build.0 = Release|Any CPU
		{A078DBC3-9DD4-4B72-BD9F-B4BFBF1CCD71}.Debug|Any CPU.ActiveCfg = Debug|Any CPU
		{A078DBC3-9DD4-4B72-BD9F-B4BFBF1CCD71}.Debug|Any CPU.Build.0 = Debug|Any CPU
		{A078DBC3-9DD4-4B72-BD9F-B4BFBF1CCD71}.Release|Any CPU.ActiveCfg = Release|Any CPU
		{A078DBC3-9DD4-4B72-BD9F-B4BFBF1CCD71}.Release|Any CPU.Build.0 = Release|Any CPU
		{7F444055-C3C3-487F-9B27-5E772F52A71C}.Debug|Any CPU.ActiveCfg = Debug|Any CPU
		{7F444055-C3C3-487F-9B27-5E772F52A71C}.Debug|Any CPU.Build.0 = Debug|Any CPU
		{7F444055-C3C3-487F-9B27-5E772F52A71C}.Release|Any CPU.ActiveCfg = Release|Any CPU
		{7F444055-C3C3-487F-9B27-5E772F52A71C}.Release|Any CPU.Build.0 = Release|Any CPU
		{21C7803F-4AD1-4F10-B706-0E00CBD4C212}.Debug|Any CPU.ActiveCfg = Debug|Any CPU
		{21C7803F-4AD1-4F10-B706-0E00CBD4C212}.Debug|Any CPU.Build.0 = Debug|Any CPU
		{21C7803F-4AD1-4F10-B706-0E00CBD4C212}.Release|Any CPU.ActiveCfg = Release|Any CPU
		{21C7803F-4AD1-4F10-B706-0E00CBD4C212}.Release|Any CPU.Build.0 = Release|Any CPU
	EndGlobalSection
	GlobalSection(SolutionProperties) = preSolution
		HideSolutionNode = FALSE
	EndGlobalSection
	GlobalSection(NestedProjects) = preSolution
		{02C8F5C2-90EF-485C-AF93-11F6B7B5779C} = {2C7A91C5-242B-4F10-B1E7-4851A1CA0322}
		{C0EC575D-2363-4BE0-BC95-D82931127422} = {E09E5881-4B5B-4BF9-9A58-5E7B988EC0E1}
		{A078DBC3-9DD4-4B72-BD9F-B4BFBF1CCD71} = {E09E5881-4B5B-4BF9-9A58-5E7B988EC0E1}
		{7F444055-C3C3-487F-9B27-5E772F52A71C} = {AA78B8B9-64C9-4E25-8BEB-B92B5E0CC4AF}
		{21C7803F-4AD1-4F10-B706-0E00CBD4C212} = {44FA326A-DC21-4028-96CB-4BACF6CDACCD}
	EndGlobalSection
EndGlobal
