
Microsoft Visual Studio Solution File, Format Version 12.00
# Visual Studio 14
VisualStudioVersion = 14.0.25420.1
MinimumVisualStudioVersion = 10.0.40219.1
Project("{FAE04EC0-301F-11D3-BF4B-00C04F79EFBC}") = "HelloWebAPI", "HelloWebAPI\HelloWebAPI.csproj", "{C25DCFA0-C348-48C8-88DD-AF5E162838E0}"
EndProject
Project("{2150E333-8FDC-42A3-9474-1A3956D46DE8}") = "API", "API", "{26933F99-5609-4C1B-AB23-651AD8A306FD}"
EndProject
Project("{2150E333-8FDC-42A3-9474-1A3956D46DE8}") = "Common", "Common", "{6301B864-5D19-41B6-BE00-8CD1BB34418F}"
EndProject
Project("{2150E333-8FDC-42A3-9474-1A3956D46DE8}") = "DAL", "DAL", "{6382573A-B8A8-4ED8-BDC3-E9F21C3269C2}"
EndProject
Project("{2150E333-8FDC-42A3-9474-1A3956D46DE8}") = "Model", "Model", "{5E85C841-14CB-4919-ABB1-D7FF77CE8EFF}"
EndProject
Project("{FAE04EC0-301F-11D3-BF4B-00C04F79EFBC}") = "Hello.DAL", "Hello.DAL\Hello.DAL.csproj", "{E5ECEB08-6F4F-4510-97F2-357D851EEA0F}"
EndProject
Project("{FAE04EC0-301F-11D3-BF4B-00C04F79EFBC}") = "Hello.IDAL", "Hello.IDAL\Hello.IDAL.csproj", "{E674B7BC-8723-4AA8-8DFD-DD06C9AD0D36}"
EndProject
Project("{FAE04EC0-301F-11D3-BF4B-00C04F79EFBC}") = "Hello.Model", "Hello.Model\Hello.Model.csproj", "{20876BA4-F7E6-4ED2-A057-91445D23FF3A}"
EndProject
Project("{FAE04EC0-301F-11D3-BF4B-00C04F79EFBC}") = "Component", "Component\Component.csproj", "{8EE9BD3B-046A-41DD-954C-743A421028ED}"
EndProject
Global
	GlobalSection(SolutionConfigurationPlatforms) = preSolution
		Debug|Any CPU = Debug|Any CPU
		Release|Any CPU = Release|Any CPU
	EndGlobalSection
	GlobalSection(ProjectConfigurationPlatforms) = postSolution
		{C25DCFA0-C348-48C8-88DD-AF5E162838E0}.Debug|Any CPU.ActiveCfg = Debug|Any CPU
		{C25DCFA0-C348-48C8-88DD-AF5E162838E0}.Debug|Any CPU.Build.0 = Debug|Any CPU
		{C25DCFA0-C348-48C8-88DD-AF5E162838E0}.Release|Any CPU.ActiveCfg = Release|Any CPU
		{C25DCFA0-C348-48C8-88DD-AF5E162838E0}.Release|Any CPU.Build.0 = Release|Any CPU
		{E5ECEB08-6F4F-4510-97F2-357D851EEA0F}.Debug|Any CPU.ActiveCfg = Debug|Any CPU
		{E5ECEB08-6F4F-4510-97F2-357D851EEA0F}.Debug|Any CPU.Build.0 = Debug|Any CPU
		{E5ECEB08-6F4F-4510-97F2-357D851EEA0F}.Release|Any CPU.ActiveCfg = Release|Any CPU
		{E5ECEB08-6F4F-4510-97F2-357D851EEA0F}.Release|Any CPU.Build.0 = Release|Any CPU
		{E674B7BC-8723-4AA8-8DFD-DD06C9AD0D36}.Debug|Any CPU.ActiveCfg = Debug|Any CPU
		{E674B7BC-8723-4AA8-8DFD-DD06C9AD0D36}.Debug|Any CPU.Build.0 = Debug|Any CPU
		{E674B7BC-8723-4AA8-8DFD-DD06C9AD0D36}.Release|Any CPU.ActiveCfg = Release|Any CPU
		{E674B7BC-8723-4AA8-8DFD-DD06C9AD0D36}.Release|Any CPU.Build.0 = Release|Any CPU
		{20876BA4-F7E6-4ED2-A057-91445D23FF3A}.Debug|Any CPU.ActiveCfg = Debug|Any CPU
		{20876BA4-F7E6-4ED2-A057-91445D23FF3A}.Debug|Any CPU.Build.0 = Debug|Any CPU
		{20876BA4-F7E6-4ED2-A057-91445D23FF3A}.Release|Any CPU.ActiveCfg = Release|Any CPU
		{20876BA4-F7E6-4ED2-A057-91445D23FF3A}.Release|Any CPU.Build.0 = Release|Any CPU
		{8EE9BD3B-046A-41DD-954C-743A421028ED}.Debug|Any CPU.ActiveCfg = Debug|Any CPU
		{8EE9BD3B-046A-41DD-954C-743A421028ED}.Debug|Any CPU.Build.0 = Debug|Any CPU
		{8EE9BD3B-046A-41DD-954C-743A421028ED}.Release|Any CPU.ActiveCfg = Release|Any CPU
		{8EE9BD3B-046A-41DD-954C-743A421028ED}.Release|Any CPU.Build.0 = Release|Any CPU
	EndGlobalSection
	GlobalSection(SolutionProperties) = preSolution
		HideSolutionNode = FALSE
	EndGlobalSection
	GlobalSection(NestedProjects) = preSolution
		{C25DCFA0-C348-48C8-88DD-AF5E162838E0} = {26933F99-5609-4C1B-AB23-651AD8A306FD}
		{E5ECEB08-6F4F-4510-97F2-357D851EEA0F} = {6382573A-B8A8-4ED8-BDC3-E9F21C3269C2}
		{E674B7BC-8723-4AA8-8DFD-DD06C9AD0D36} = {6382573A-B8A8-4ED8-BDC3-E9F21C3269C2}
		{20876BA4-F7E6-4ED2-A057-91445D23FF3A} = {5E85C841-14CB-4919-ABB1-D7FF77CE8EFF}
		{8EE9BD3B-046A-41DD-954C-743A421028ED} = {6301B864-5D19-41B6-BE00-8CD1BB34418F}
	EndGlobalSection
EndGlobal
